
Microsoft Visual Studio Solution File, Format Version 12.00
# Visual Studio Version 16
VisualStudioVersion = 16.0.32106.194
MinimumVisualStudioVersion = 10.0.40219.1
Project("{FAE04EC0-301F-11D3-BF4B-00C04F79EFBC}") = "WebService", "WebService\WebService.csproj", "{60EA0162-FBB7-4FD2-9D90-E15C3EA91FCC}"
EndProject
Project("{FAE04EC0-301F-11D3-BF4B-00C04F79EFBC}") = "EmployeeDAL", "EmployeeDAL\EmployeeDAL.csproj", "{72154AF1-1602-4940-8770-05BF80E86C6F}"
EndProject
Project("{FAE04EC0-301F-11D3-BF4B-00C04F79EFBC}") = "WebAPI", "WebAPI\WebAPI.csproj", "{77D3D0CF-6C0A-4561-B5DE-2BA66E9702D8}"
EndProject
Global
	GlobalSection(SolutionConfigurationPlatforms) = preSolution
		Debug|Any CPU = Debug|Any CPU
		Release|Any CPU = Release|Any CPU
	EndGlobalSection
	GlobalSection(ProjectConfigurationPlatforms) = postSolution
		{60EA0162-FBB7-4FD2-9D90-E15C3EA91FCC}.Debug|Any CPU.ActiveCfg = Debug|Any CPU
		{60EA0162-FBB7-4FD2-9D90-E15C3EA91FCC}.Debug|Any CPU.Build.0 = Debug|Any CPU
		{60EA0162-FBB7-4FD2-9D90-E15C3EA91FCC}.Release|Any CPU.ActiveCfg = Release|Any CPU
		{60EA0162-FBB7-4FD2-9D90-E15C3EA91FCC}.Release|Any CPU.Build.0 = Release|Any CPU
		{72154AF1-1602-4940-8770-05BF80E86C6F}.Debug|Any CPU.ActiveCfg = Debug|Any CPU
		{72154AF1-1602-4940-8770-05BF80E86C6F}.Debug|Any CPU.Build.0 = Debug|Any CPU
		{72154AF1-1602-4940-8770-05BF80E86C6F}.Release|Any CPU.ActiveCfg = Release|Any CPU
		{72154AF1-1602-4940-8770-05BF80E86C6F}.Release|Any CPU.Build.0 = Release|Any CPU
		{77D3D0CF-6C0A-4561-B5DE-2BA66E9702D8}.Debug|Any CPU.ActiveCfg = Debug|Any CPU
		{77D3D0CF-6C0A-4561-B5DE-2BA66E9702D8}.Debug|Any CPU.Build.0 = Debug|Any CPU
		{77D3D0CF-6C0A-4561-B5DE-2BA66E9702D8}.Release|Any CPU.ActiveCfg = Release|Any CPU
		{77D3D0CF-6C0A-4561-B5DE-2BA66E9702D8}.Release|Any CPU.Build.0 = Release|Any CPU
	EndGlobalSection
	GlobalSection(SolutionProperties) = preSolution
		HideSolutionNode = FALSE
	EndGlobalSection
	GlobalSection(ExtensibilityGlobals) = postSolution
		SolutionGuid = {307F9505-8DA5-49EB-B043-9810DA8F392A}
	EndGlobalSection
EndGlobal
